
Microsoft Visual Studio Solution File, Format Version 12.00
# Visual Studio Version 17
VisualStudioVersion = 17.0.31919.166
MinimumVisualStudioVersion = 10.0.40219.1
Project("{FAE04EC0-301F-11D3-BF4B-00C04F79EFBC}") = "ImageM1", "ImageM1\ImageM1.csproj", "{038F9F16-7237-44E5-AF21-5C32BF482A5F}"
EndProject
Global
	GlobalSection(SolutionConfigurationPlatforms) = preSolution
		Debug|Any CPU = Debug|Any CPU
		Release|Any CPU = Release|Any CPU
	EndGlobalSection
	GlobalSection(ProjectConfigurationPlatforms) = postSolution
		{038F9F16-7237-44E5-AF21-5C32BF482A5F}.Debug|Any CPU.ActiveCfg = Debug|Any CPU
		{038F9F16-7237-44E5-AF21-5C32BF482A5F}.Debug|Any CPU.Build.0 = Debug|Any CPU
		{038F9F16-7237-44E5-AF21-5C32BF482A5F}.Release|Any CPU.ActiveCfg = Release|Any CPU
		{038F9F16-7237-44E5-AF21-5C32BF482A5F}.Release|Any CPU.Build.0 = Release|Any CPU
	EndGlobalSection
	GlobalSection(SolutionProperties) = preSolution
		HideSolutionNode = FALSE
	EndGlobalSection
	GlobalSection(ExtensibilityGlobals) = postSolution
		SolutionGuid = {1F89BAE8-E619-422A-8DEE-2BD6E105C495}
	EndGlobalSection
EndGlobal
